// !$*UTF8*$!
{
	archiveVersion = 1;
	classes = {
	};
	objectVersion = 56;
	objects = {

/* Begin PBXBuildFile section */
		BDD1D08F78E89F4E1DE1330D /* Pods_SCP_demo.framework in Frameworks */ = {isa = PBXBuildFile; fileRef = 210C624261D10BE6A75F7456 /* Pods_SCP_demo.framework */; };
		FCB60E2A2AEE545200DA12A8 /* AppDelegate.swift in Sources */ = {isa = PBXBuildFile; fileRef = FCB60E292AEE545200DA12A8 /* AppDelegate.swift */; };
		FCB60E2C2AEE545200DA12A8 /* SceneDelegate.swift in Sources */ = {isa = PBXBuildFile; fileRef = FCB60E2B2AEE545200DA12A8 /* SceneDelegate.swift */; };
		FCB60E2E2AEE545200DA12A8 /* ViewController.swift in Sources */ = {isa = PBXBuildFile; fileRef = FCB60E2D2AEE545200DA12A8 /* ViewController.swift */; };
		FCB60E312AEE545200DA12A8 /* Main.storyboard in Resources */ = {isa = PBXBuildFile; fileRef = FCB60E2F2AEE545200DA12A8 /* Main.storyboard */; };
		FCB60E332AEE545300DA12A8 /* Assets.xcassets in Resources */ = {isa = PBXBuildFile; fileRef = FCB60E322AEE545300DA12A8 /* Assets.xcassets */; };
		FCB60E362AEE545300DA12A8 /* LaunchScreen.storyboard in Resources */ = {isa = PBXBuildFile; fileRef = FCB60E342AEE545300DA12A8 /* LaunchScreen.storyboard */; };
/* End PBXBuildFile section */

/* Begin PBXFileReference section */
		210C624261D10BE6A75F7456 /* Pods_SCP_demo.framework */ = {isa = PBXFileReference; explicitFileType = wrapper.framework; includeInIndex = 0; path = Pods_SCP_demo.framework; sourceTree = BUILT_PRODUCTS_DIR; };
		2FEA97AB622A15B5F22DA0AD /* Pods-SCP_demo.release.xcconfig */ = {isa = PBXFileReference; includeInIndex = 1; lastKnownFileType = text.xcconfig; name = "Pods-SCP_demo.release.xcconfig"; path = "Target Support Files/Pods-SCP_demo/Pods-SCP_demo.release.xcconfig"; sourceTree = "<group>"; };
		30CA91BC50CD6AF1BDEA8633 /* Pods-SCP_demo.debug.xcconfig */ = {isa = PBXFileReference; includeInIndex = 1; lastKnownFileType = text.xcconfig; name = "Pods-SCP_demo.debug.xcconfig"; path = "Target Support Files/Pods-SCP_demo/Pods-SCP_demo.debug.xcconfig"; sourceTree = "<group>"; };
		FCB60E262AEE545200DA12A8 /* SCP_demo.app */ = {isa = PBXFileReference; explicitFileType = wrapper.application; includeInIndex = 0; path = SCP_demo.app; sourceTree = BUILT_PRODUCTS_DIR; };
		FCB60E292AEE545200DA12A8 /* AppDelegate.swift */ = {isa = PBXFileReference; lastKnownFileType = sourcecode.swift; path = AppDelegate.swift; sourceTree = "<group>"; };
		FCB60E2B2AEE545200DA12A8 /* SceneDelegate.swift */ = {isa = PBXFileReference; lastKnownFileType = sourcecode.swift; path = SceneDelegate.swift; sourceTree = "<group>"; };
		FCB60E2D2AEE545200DA12A8 /* ViewController.swift */ = {isa = PBXFileReference; lastKnownFileType = sourcecode.swift; path = ViewController.swift; sourceTree = "<group>"; };
		FCB60E302AEE545200DA12A8 /* Base */ = {isa = PBXFileReference; lastKnownFileType = file.storyboard; name = Base; path = Base.lproj/Main.storyboard; sourceTree = "<group>"; };
		FCB60E322AEE545300DA12A8 /* Assets.xcassets */ = {isa = PBXFileReference; lastKnownFileType = folder.assetcatalog; path = Assets.xcassets; sourceTree = "<group>"; };
		FCB60E352AEE545300DA12A8 /* Base */ = {isa = PBXFileReference; lastKnownFileType = file.storyboard; name = Base; path = Base.lproj/LaunchScreen.storyboard; sourceTree = "<group>"; };
		FCB60E372AEE545300DA12A8 /* Info.plist */ = {isa = PBXFileReference; lastKnownFileType = text.plist.xml; path = Info.plist; sourceTree = "<group>"; };
/* End PBXFileReference section */

/* Begin PBXFrameworksBuildPhase section */
		FCB60E232AEE545200DA12A8 /* Frameworks */ = {
			isa = PBXFrameworksBuildPhase;
			buildActionMask = 2147483647;
			files = (
				BDD1D08F78E89F4E1DE1330D /* Pods_SCP_demo.framework in Frameworks */,
			);
			runOnlyForDeploymentPostprocessing = 0;
		};
/* End PBXFrameworksBuildPhase section */

/* Begin PBXGroup section */
		6A1AE3C60A84BF90C71BE926 /* Frameworks */ = {
			isa = PBXGroup;
			children = (
				210C624261D10BE6A75F7456 /* Pods_SCP_demo.framework */,
			);
			name = Frameworks;
			sourceTree = "<group>";
		};
		9B26154C8311123C618E53A3 /* Pods */ = {
			isa = PBXGroup;
			children = (
				30CA91BC50CD6AF1BDEA8633 /* Pods-SCP_demo.debug.xcconfig */,
				2FEA97AB622A15B5F22DA0AD /* Pods-SCP_demo.release.xcconfig */,
			);
			name = Pods;
			path = Pods;
			sourceTree = "<group>";
		};
		FCB60E1D2AEE545200DA12A8 = {
			isa = PBXGroup;
			children = (
				FCB60E282AEE545200DA12A8 /* SCP_demo */,
				FCB60E272AEE545200DA12A8 /* Products */,
				9B26154C8311123C618E53A3 /* Pods */,
				6A1AE3C60A84BF90C71BE926 /* Frameworks */,
			);
			sourceTree = "<group>";
		};
		FCB60E272AEE545200DA12A8 /* Products */ = {
			isa = PBXGroup;
			children = (
				FCB60E262AEE545200DA12A8 /* SCP_demo.app */,
			);
			name = Products;
			sourceTree = "<group>";
		};
		FCB60E282AEE545200DA12A8 /* SCP_demo */ = {
			isa = PBXGroup;
			children = (
				FCB60E292AEE545200DA12A8 /* AppDelegate.swift */,
				FCB60E2B2AEE545200DA12A8 /* SceneDelegate.swift */,
				FCB60E2D2AEE545200DA12A8 /* ViewController.swift */,
				FCB60E2F2AEE545200DA12A8 /* Main.storyboard */,
				FCB60E322AEE545300DA12A8 /* Assets.xcassets */,
				FCB60E342AEE545300DA12A8 /* LaunchScreen.storyboard */,
				FCB60E372AEE545300DA12A8 /* Info.plist */,
			);
			path = SCP_demo;
			sourceTree = "<group>";
		};
/* End PBXGroup section */

/* Begin PBXNativeTarget section */
		FCB60E252AEE545200DA12A8 /* SCP_demo */ = {
			isa = PBXNativeTarget;
			buildConfigurationList = FCB60E3A2AEE545300DA12A8 /* Build configuration list for PBXNativeTarget "SCP_demo" */;
			buildPhases = (
				D6FD194E94B9981F13D5FAFE /* [CP] Check Pods Manifest.lock */,
				FCB60E222AEE545200DA12A8 /* Sources */,
				FCB60E232AEE545200DA12A8 /* Frameworks */,
				FCB60E242AEE545200DA12A8 /* Resources */,
				69FB76196B22C1310F5BF65E /* [CP] Embed Pods Frameworks */,
			);
			buildRules = (
			);
			dependencies = (
			);
			name = SCP_demo;
			productName = SCP_demo;
			productReference = FCB60E262AEE545200DA12A8 /* SCP_demo.app */;
			productType = "com.apple.product-type.application";
		};
/* End PBXNativeTarget section */

/* Begin PBXProject section */
		FCB60E1E2AEE545200DA12A8 /* Project object */ = {
			isa = PBXProject;
			attributes = {
				BuildIndependentTargetsInParallel = 1;
				LastSwiftUpdateCheck = 1430;
				LastUpgradeCheck = 1430;
				TargetAttributes = {
					FCB60E252AEE545200DA12A8 = {
						CreatedOnToolsVersion = 14.3.1;
					};
				};
			};
			buildConfigurationList = FCB60E212AEE545200DA12A8 /* Build configuration list for PBXProject "SCP_demo" */;
			compatibilityVersion = "Xcode 14.0";
			developmentRegion = en;
			hasScannedForEncodings = 0;
			knownRegions = (
				en,
				Base,
			);
			mainGroup = FCB60E1D2AEE545200DA12A8;
			productRefGroup = FCB60E272AEE545200DA12A8 /* Products */;
			projectDirPath = "";
			projectRoot = "";
			targets = (
				FCB60E252AEE545200DA12A8 /* SCP_demo */,
			);
		};
/* End PBXProject section */

/* Begin PBXResourcesBuildPhase section */
		FCB60E242AEE545200DA12A8 /* Resources */ = {
			isa = PBXResourcesBuildPhase;
			buildActionMask = 2147483647;
			files = (
				FCB60E362AEE545300DA12A8 /* LaunchScreen.storyboard in Resources */,
				FCB60E332AEE545300DA12A8 /* Assets.xcassets in Resources */,
				FCB60E312AEE545200DA12A8 /* Main.storyboard in Resources */,
			);
			runOnlyForDeploymentPostprocessing = 0;
		};
/* End PBXResourcesBuildPhase section */

/* Begin PBXShellScriptBuildPhase section */
		69FB76196B22C1310F5BF65E /* [CP] Embed Pods Frameworks */ = {
			isa = PBXShellScriptBuildPhase;
			buildActionMask = 2147483647;
			files = (
			);
			inputFileListPaths = (
				"${PODS_ROOT}/Target Support Files/Pods-SCP_demo/Pods-SCP_demo-frameworks-${CONFIGURATION}-input-files.xcfilelist",
			);
			name = "[CP] Embed Pods Frameworks";
			outputFileListPaths = (
				"${PODS_ROOT}/Target Support Files/Pods-SCP_demo/Pods-SCP_demo-frameworks-${CONFIGURATION}-output-files.xcfilelist",
			);
			runOnlyForDeploymentPostprocessing = 0;
			shellPath = /bin/sh;
			shellScript = "\"${PODS_ROOT}/Target Support Files/Pods-SCP_demo/Pods-SCP_demo-frameworks.sh\"\n";
			showEnvVarsInLog = 0;
		};
		D6FD194E94B9981F13D5FAFE /* [CP] Check Pods Manifest.lock */ = {
			isa = PBXShellScriptBuildPhase;
			buildActionMask = 2147483647;
			files = (
			);
			inputFileListPaths = (
			);
			inputPaths = (
				"${PODS_PODFILE_DIR_PATH}/Podfile.lock",
				"${PODS_ROOT}/Manifest.lock",
			);
			name = "[CP] Check Pods Manifest.lock";
			outputFileListPaths = (
			);
			outputPaths = (
				"$(DERIVED_FILE_DIR)/Pods-SCP_demo-checkManifestLockResult.txt",
			);
			runOnlyForDeploymentPostprocessing = 0;
			shellPath = /bin/sh;
			shellScript = "diff \"${PODS_PODFILE_DIR_PATH}/Podfile.lock\" \"${PODS_ROOT}/Manifest.lock\" > /dev/null\nif [ $? != 0 ] ; then\n    # print error to STDERR\n    echo \"error: The sandbox is not in sync with the Podfile.lock. Run 'pod install' or update your CocoaPods installation.\" >&2\n    exit 1\nfi\n# This output is used by Xcode 'outputs' to avoid re-running this script phase.\necho \"SUCCESS\" > \"${SCRIPT_OUTPUT_FILE_0}\"\n";
			showEnvVarsInLog = 0;
		};
/* End PBXShellScriptBuildPhase section */

/* Begin PBXSourcesBuildPhase section */
		FCB60E222AEE545200DA12A8 /* Sources */ = {
			isa = PBXSourcesBuildPhase;
			buildActionMask = 2147483647;
			files = (
				FCB60E2E2AEE545200DA12A8 /* ViewController.swift in Sources */,
				FCB60E2A2AEE545200DA12A8 /* AppDelegate.swift in Sources */,
				FCB60E2C2AEE545200DA12A8 /* SceneDelegate.swift in Sources */,
			);
			runOnlyForDeploymentPostprocessing = 0;
		};
/* End PBXSourcesBuildPhase section */

/* Begin PBXVariantGroup section */
		FCB60E2F2AEE545200DA12A8 /* Main.storyboard */ = {
			isa = PBXVariantGroup;
			children = (
				FCB60E302AEE545200DA12A8 /* Base */,
			);
			name = Main.storyboard;
			sourceTree = "<group>";
		};
		FCB60E342AEE545300DA12A8 /* LaunchScreen.storyboard */ = {
			isa = PBXVariantGroup;
			children = (
				FCB60E352AEE545300DA12A8 /* Base */,
			);
			name = LaunchScreen.storyboard;
			sourceTree = "<group>";
		};
/* End PBXVariantGroup section */

/* Begin XCBuildConfiguration section */
		FCB60E382AEE545300DA12A8 /* Debug */ = {
			isa = XCBuildConfiguration;
			buildSettings = {
				ALWAYS_SEARCH_USER_PATHS = NO;
				CLANG_ANALYZER_NONNULL = YES;
				CLANG_ANALYZER_NUMBER_OBJECT_CONVERSION = YES_AGGRESSIVE;
				CLANG_CXX_LANGUAGE_STANDARD = "gnu++20";
				CLANG_ENABLE_MODULES = YES;
				CLANG_ENABLE_OBJC_ARC = YES;
				CLANG_ENABLE_OBJC_WEAK = YES;
				CLANG_WARN_BLOCK_CAPTURE_AUTORELEASING = YES;
				CLANG_WARN_BOOL_CONVERSION = YES;
				CLANG_WARN_COMMA = YES;
				CLANG_WARN_CONSTANT_CONVERSION = YES;
				CLANG_WARN_DEPRECATED_OBJC_IMPLEMENTATIONS = YES;
				CLANG_WARN_DIRECT_OBJC_ISA_USAGE = YES_ERROR;
				CLANG_WARN_DOCUMENTATION_COMMENTS = YES;
				CLANG_WARN_EMPTY_BODY = YES;
				CLANG_WARN_ENUM_CONVERSION = YES;
				CLANG_WARN_INFINITE_RECURSION = YES;
				CLANG_WARN_INT_CONVERSION = YES;
				CLANG_WARN_NON_LITERAL_NULL_CONVERSION = YES;
				CLANG_WARN_OBJC_IMPLICIT_RETAIN_SELF = YES;
				CLANG_WARN_OBJC_LITERAL_CONVERSION = YES;
				CLANG_WARN_OBJC_ROOT_CLASS = YES_ERROR;
				CLANG_WARN_QUOTED_INCLUDE_IN_FRAMEWORK_HEADER = YES;
				CLANG_WARN_RANGE_LOOP_ANALYSIS = YES;
				CLANG_WARN_STRICT_PROTOTYPES = YES;
				CLANG_WARN_SUSPICIOUS_MOVE = YES;
				CLANG_WARN_UNGUARDED_AVAILABILITY = YES_AGGRESSIVE;
				CLANG_WARN_UNREACHABLE_CODE = YES;
				CLANG_WARN__DUPLICATE_METHOD_MATCH = YES;
				COPY_PHASE_STRIP = NO;
				DEBUG_INFORMATION_FORMAT = dwarf;
				ENABLE_STRICT_OBJC_MSGSEND = YES;
				ENABLE_TESTABILITY = YES;
				GCC_C_LANGUAGE_STANDARD = gnu11;
				GCC_DYNAMIC_NO_PIC = NO;
				GCC_NO_COMMON_BLOCKS = YES;
				GCC_OPTIMIZATION_LEVEL = 0;
				GCC_PREPROCESSOR_DEFINITIONS = (
					"DEBUG=1",
					"$(inherited)",
				);
				GCC_WARN_64_TO_32_BIT_CONVERSION = YES;
				GCC_WARN_ABOUT_RETURN_TYPE = YES_ERROR;
				GCC_WARN_UNDECLARED_SELECTOR = YES;
				GCC_WARN_UNINITIALIZED_AUTOS = YES_AGGRESSIVE;
				GCC_WARN_UNUSED_FUNCTION = YES;
				GCC_WARN_UNUSED_VARIABLE = YES;
				IPHONEOS_DEPLOYMENT_TARGET = 16.4;
				MTL_ENABLE_DEBUG_INFO = INCLUDE_SOURCE;
				MTL_FAST_MATH = YES;
				ONLY_ACTIVE_ARCH = YES;
				SDKROOT = iphoneos;
				SWIFT_ACTIVE_COMPILATION_CONDITIONS = DEBUG;
				SWIFT_OPTIMIZATION_LEVEL = "-Onone";
			};
			name = Debug;
		};
		FCB60E392AEE545300DA12A8 /* Release */ = {
			isa = XCBuildConfiguration;
			buildSettings = {
				ALWAYS_SEARCH_USER_PATHS = NO;
				CLANG_ANALYZER_NONNULL = YES;
				CLANG_ANALYZER_NUMBER_OBJECT_CONVERSION = YES_AGGRESSIVE;
				CLANG_CXX_LANGUAGE_STANDARD = "gnu++20";
				CLANG_ENABLE_MODULES = YES;
				CLANG_ENABLE_OBJC_ARC = YES;
				CLANG_ENABLE_OBJC_WEAK = YES;
				CLANG_WARN_BLOCK_CAPTURE_AUTORELEASING = YES;
				CLANG_WARN_BOOL_CONVERSION = YES;
				CLANG_WARN_COMMA = YES;
				CLANG_WARN_CONSTANT_CONVERSION = YES;
				CLANG_WARN_DEPRECATED_OBJC_IMPLEMENTATIONS = YES;
				CLANG_WARN_DIRECT_OBJC_ISA_USAGE = YES_ERROR;
				CLANG_WARN_DOCUMENTATION_COMMENTS = YES;
				CLANG_WARN_EMPTY_BODY = YES;
				CLANG_WARN_ENUM_CONVERSION = YES;
				CLANG_WARN_INFINITE_RECURSION = YES;
				CLANG_WARN_INT_CONVERSION = YES;
				CLANG_WARN_NON_LITERAL_NULL_CONVERSION = YES;
				CLANG_WARN_OBJC_IMPLICIT_RETAIN_SELF = YES;
				CLANG_WARN_OBJC_LITERAL_CONVERSION = YES;
				CLANG_WARN_OBJC_ROOT_CLASS = YES_ERROR;
				CLANG_WARN_QUOTED_INCLUDE_IN_FRAMEWORK_HEADER = YES;
				CLANG_WARN_RANGE_LOOP_ANALYSIS = YES;
				CLANG_WARN_STRICT_PROTOTYPES = YES;
				CLANG_WARN_SUSPICIOUS_MOVE = YES;
				CLANG_WARN_UNGUARDED_AVAILABILITY = YES_AGGRESSIVE;
				CLANG_WARN_UNREACHABLE_CODE = YES;
				CLANG_WARN__DUPLICATE_METHOD_MATCH = YES;
				COPY_PHASE_STRIP = NO;
				DEBUG_INFORMATION_FORMAT = "dwarf-with-dsym";
				ENABLE_NS_ASSERTIONS = NO;
				ENABLE_STRICT_OBJC_MSGSEND = YES;
				GCC_C_LANGUAGE_STANDARD = gnu11;
				GCC_NO_COMMON_BLOCKS = YES;
				GCC_WARN_64_TO_32_BIT_CONVERSION = YES;
				GCC_WARN_ABOUT_RETURN_TYPE = YES_ERROR;
				GCC_WARN_UNDECLARED_SELECTOR = YES;
				GCC_WARN_UNINITIALIZED_AUTOS = YES_AGGRESSIVE;
				GCC_WARN_UNUSED_FUNCTION = YES;
				GCC_WARN_UNUSED_VARIABLE = YES;
				IPHONEOS_DEPLOYMENT_TARGET = 16.4;
				MTL_ENABLE_DEBUG_INFO = NO;
				MTL_FAST_MATH = YES;
				SDKROOT = iphoneos;
				SWIFT_COMPILATION_MODE = wholemodule;
				SWIFT_OPTIMIZATION_LEVEL = "-O";
				VALIDATE_PRODUCT = YES;
			};
			name = Release;
		};
		FCB60E3B2AEE545300DA12A8 /* Debug */ = {
			isa = XCBuildConfiguration;
			baseConfigurationReference = 30CA91BC50CD6AF1BDEA8633 /* Pods-SCP_demo.debug.xcconfig */;
			buildSettings = {
				ASSETCATALOG_COMPILER_APPICON_NAME = AppIcon;
				ASSETCATALOG_COMPILER_GLOBAL_ACCENT_COLOR_NAME = AccentColor;
				CODE_SIGN_STYLE = Automatic;
				CURRENT_PROJECT_VERSION = 1;
				DEVELOPMENT_TEAM = 8KYWMF82C4;
				GENERATE_INFOPLIST_FILE = YES;
				INFOPLIST_FILE = SCP_demo/Info.plist;
				INFOPLIST_KEY_UIApplicationSupportsIndirectInputEvents = YES;
				INFOPLIST_KEY_UILaunchStoryboardName = LaunchScreen;
				INFOPLIST_KEY_UIMainStoryboardFile = Main;
				INFOPLIST_KEY_UISupportedInterfaceOrientations_iPad = "UIInterfaceOrientationPortrait UIInterfaceOrientationPortraitUpsideDown UIInterfaceOrientationLandscapeLeft UIInterfaceOrientationLandscapeRight";
				INFOPLIST_KEY_UISupportedInterfaceOrientations_iPhone = "UIInterfaceOrientationPortrait UIInterfaceOrientationLandscapeLeft UIInterfaceOrientationLandscapeRight";
				LD_RUNPATH_SEARCH_PATHS = (
					"$(inherited)",
					"@executable_path/Frameworks",
				);
				MARKETING_VERSION = 1.0;
				PRODUCT_BUNDLE_IDENTIFIER = "com.golangil.SCP-demo";
				PRODUCT_NAME = "$(TARGET_NAME)";
				SWIFT_EMIT_LOC_STRINGS = YES;
				SWIFT_VERSION = 5.0;
				TARGETED_DEVICE_FAMILY = "1,2";
			};
			name = Debug;
		};
		FCB60E3C2AEE545300DA12A8 /* Release */ = {
			isa = XCBuildConfiguration;
			baseConfigurationReference = 2FEA97AB622A15B5F22DA0AD /* Pods-SCP_demo.release.xcconfig */;
			buildSettings = {
				ASSETCATALOG_COMPILER_APPICON_NAME = AppIcon;
				ASSETCATALOG_COMPILER_GLOBAL_ACCENT_COLOR_NAME = AccentColor;
				CODE_SIGN_STYLE = Automatic;
				CURRENT_PROJECT_VERSION = 1;
				DEVELOPMENT_TEAM = 8KYWMF82C4;
				GENERATE_INFOPLIST_FILE = YES;
				INFOPLIST_FILE = SCP_demo/Info.plist;
				INFOPLIST_KEY_UIApplicationSupportsIndirectInputEvents = YES;
				INFOPLIST_KEY_UILaunchStoryboardName = LaunchScreen;
				INFOPLIST_KEY_UIMainStoryboardFile = Main;
				INFOPLIST_KEY_UISupportedInterfaceOrientations_iPad = "UIInterfaceOrientationPortrait UIInterfaceOrientationPortraitUpsideDown UIInterfaceOrientationLandscapeLeft UIInterfaceOrientationLandscapeRight";
				INFOPLIST_KEY_UISupportedInterfaceOrientations_iPhone = "UIInterfaceOrientationPortrait UIInterfaceOrientationLandscapeLeft UIInterfaceOrientationLandscapeRight";
				LD_RUNPATH_SEARCH_PATHS = (
					"$(inherited)",
					"@executable_path/Frameworks",
				);
				MARKETING_VERSION = 1.0;
				PRODUCT_BUNDLE_IDENTIFIER = "com.golangil.SCP-demo";
				PRODUCT_NAME = "$(TARGET_NAME)";
				SWIFT_EMIT_LOC_STRINGS = YES;
				SWIFT_VERSION = 5.0;
				TARGETED_DEVICE_FAMILY = "1,2";
			};
			name = Release;
		};
/* End XCBuildConfiguration section */

/* Begin XCConfigurationList section */
		FCB60E212AEE545200DA12A8 /* Build configuration list for PBXProject "SCP_demo" */ = {
			isa = XCConfigurationList;
			buildConfigurations = (
				FCB60E382AEE545300DA12A8 /* Debug */,
				FCB60E392AEE545300DA12A8 /* Release */,
			);
			defaultConfigurationIsVisible = 0;
			defaultConfigurationName = Release;
		};
		FCB60E3A2AEE545300DA12A8 /* Build configuration list for PBXNativeTarget "SCP_demo" */ = {
			isa = XCConfigurationList;
			buildConfigurations = (
				FCB60E3B2AEE545300DA12A8 /* Debug */,
				FCB60E3C2AEE545300DA12A8 /* Release */,
			);
			defaultConfigurationIsVisible = 0;
			defaultConfigurationName = Release;
		};
/* End XCConfigurationList section */
	};
	rootObject = FCB60E1E2AEE545200DA12A8 /* Project object */;
}
